
Microsoft Visual Studio Solution File, Format Version 11.00
# Visual Studio 2010
Project("{2150E333-8FDC-42A3-9474-1A3956D46DE8}") = "Tests", "Tests", "{DF923F5F-55C9-4EC5-845E-205E6CD6D0CB}"
EndProject
Project("{2150E333-8FDC-42A3-9474-1A3956D46DE8}") = "Functional Tests", "Functional Tests", "{3255FDD1-0449-4D43-B265-E7D133542C76}"
EndProject
Project("{2150E333-8FDC-42A3-9474-1A3956D46DE8}") = "Source", "Source", "{4B9083D4-E8A3-4E6B-BDC6-C2FA006123F4}"
EndProject
Project("{2150E333-8FDC-42A3-9474-1A3956D46DE8}") = "Solution items", "Solution items", "{F5C802DD-EA7E-4DE6-958B-B46B84391B0A}"
	ProjectSection(SolutionItems) = preProject
		License.txt = License.txt
		LinkedIn Developer Toolkit.vsmdi = LinkedIn Developer Toolkit.vsmdi
		LocalTestRun.testrunconfig = LocalTestRun.testrunconfig
		Readme.txt = Readme.txt
	EndProjectSection
EndProject
Project("{2150E333-8FDC-42A3-9474-1A3956D46DE8}") = "Samples", "Samples", "{FCF33ED2-0B1C-46A2-9070-A6C4EEC89E97}"
EndProject
Project("{2150E333-8FDC-42A3-9474-1A3956D46DE8}") = "Unit Tests", "Unit Tests", "{D1085273-8228-42CC-87F3-B22819893F57}"
EndProject
Project("{E24C65DC-7377-472B-9ABA-BC803B73C61A}") = "TestWeb", "Functional Tests\TestWeb", "{6D1E5EB9-6C8E-4E5B-959B-EB7B92744E30}"
	ProjectSection(WebsiteProperties) = preProject
		SccProjectName = "SAK"
		SccAuxPath = "SAK"
		SccLocalPath = "SAK"
		SccProvider = "SAK"
		TargetFrameworkMoniker = ".NETFramework,Version%3Dv3.5"
		ProjectReferences = "{4E4C3E30-A7B4-4E85-9298-48111DF255E7}|LinkedIn.dll;"
		Debug.AspNetCompiler.VirtualPath = "/TestWeb"
		Debug.AspNetCompiler.PhysicalPath = "Functional Tests\TestWeb\"
		Debug.AspNetCompiler.TargetPath = "PrecompiledWeb\TestWeb\"
		Debug.AspNetCompiler.Updateable = "true"
		Debug.AspNetCompiler.ForceOverwrite = "true"
		Debug.AspNetCompiler.FixedNames = "false"
		Debug.AspNetCompiler.Debug = "True"
		Release.AspNetCompiler.VirtualPath = "/TestWeb"
		Release.AspNetCompiler.PhysicalPath = "Functional Tests\TestWeb\"
		Release.AspNetCompiler.TargetPath = "PrecompiledWeb\TestWeb\"
		Release.AspNetCompiler.Updateable = "true"
		Release.AspNetCompiler.ForceOverwrite = "true"
		Release.AspNetCompiler.FixedNames = "false"
		Release.AspNetCompiler.Debug = "False"
		VWDPort = "1898"
	EndProjectSection
EndProject
Project("{FAE04EC0-301F-11D3-BF4B-00C04F79EFBC}") = "LinkedIn", "Source\LinkedIn\LinkedIn.csproj", "{4E4C3E30-A7B4-4E85-9298-48111DF255E7}"
EndProject
Project("{E24C65DC-7377-472B-9ABA-BC803B73C61A}") = "Web", "Samples\Web", "{0ABB745A-068A-4468-BFE8-6119AB15BF8C}"
	ProjectSection(WebsiteProperties) = preProject
		SccProjectName = "SAK"
		SccAuxPath = "SAK"
		SccLocalPath = "SAK"
		SccProvider = "SAK"
		TargetFrameworkMoniker = ".NETFramework,Version%3Dv3.5"
		ProjectReferences = "{4E4C3E30-A7B4-4E85-9298-48111DF255E7}|LinkedIn.dll;"
		Debug.AspNetCompiler.VirtualPath = "/Web"
		Debug.AspNetCompiler.PhysicalPath = "Samples\Web\"
		Debug.AspNetCompiler.TargetPath = "PrecompiledWeb\Web\"
		Debug.AspNetCompiler.Updateable = "true"
		Debug.AspNetCompiler.ForceOverwrite = "true"
		Debug.AspNetCompiler.FixedNames = "false"
		Debug.AspNetCompiler.Debug = "True"
		Release.AspNetCompiler.VirtualPath = "/Web"
		Release.AspNetCompiler.PhysicalPath = "Samples\Web\"
		Release.AspNetCompiler.TargetPath = "PrecompiledWeb\Web\"
		Release.AspNetCompiler.Updateable = "true"
		Release.AspNetCompiler.ForceOverwrite = "true"
		Release.AspNetCompiler.FixedNames = "false"
		Release.AspNetCompiler.Debug = "False"
		VWDPort = "3238"
		DefaultWebSiteLanguage = "Visual C#"
	EndProjectSection
EndProject
Project("{FAE04EC0-301F-11D3-BF4B-00C04F79EFBC}") = "LinkedIn.Tests", "Tests\Unit Tests\LinkedIn.Tests\LinkedIn.Tests.csproj", "{89C6D66F-0859-4DB2-9784-5C78A97F5D82}"
EndProject
Project("{E24C65DC-7377-472B-9ABA-BC803B73C61A}") = "LoginWeb", "Samples\LoginWeb", "{DAAF135B-BB56-4C3C-801D-C5146E9198ED}"
	ProjectSection(WebsiteProperties) = preProject
		SccProjectName = "SAK"
		SccAuxPath = "SAK"
		SccLocalPath = "SAK"
		SccProvider = "SAK"
		TargetFrameworkMoniker = ".NETFramework,Version%3Dv3.5"
		ProjectReferences = "{4E4C3E30-A7B4-4E85-9298-48111DF255E7}|LinkedIn.dll;"
		Debug.AspNetCompiler.VirtualPath = "/LoginWeb"
		Debug.AspNetCompiler.PhysicalPath = "Samples\LoginWeb\"
		Debug.AspNetCompiler.TargetPath = "PrecompiledWeb\LoginWeb\"
		Debug.AspNetCompiler.Updateable = "true"
		Debug.AspNetCompiler.ForceOverwrite = "true"
		Debug.AspNetCompiler.FixedNames = "false"
		Debug.AspNetCompiler.Debug = "True"
		Release.AspNetCompiler.VirtualPath = "/LoginWeb"
		Release.AspNetCompiler.PhysicalPath = "Samples\LoginWeb\"
		Release.AspNetCompiler.TargetPath = "PrecompiledWeb\LoginWeb\"
		Release.AspNetCompiler.Updateable = "true"
		Release.AspNetCompiler.ForceOverwrite = "true"
		Release.AspNetCompiler.FixedNames = "false"
		Release.AspNetCompiler.Debug = "False"
		VWDPort = "1951"
		DefaultWebSiteLanguage = "Visual C#"
	EndProjectSection
EndProject
Project("{2150E333-8FDC-42A3-9474-1A3956D46DE8}") = "Shared Libraries", "Shared Libraries", "{F264EBAE-E574-422D-921A-5283F2856263}"
EndProject
Project("{2150E333-8FDC-42A3-9474-1A3956D46DE8}") = "DotNetOpenAuth", "DotNetOpenAuth", "{7A36030F-DB06-4289-B9CA-D428478F1E24}"
EndProject
Project("{FAE04EC0-301F-11D3-BF4B-00C04F79EFBC}") = "WindowsForms", "Samples\WindowsForms\WindowsForms.csproj", "{55BFEB2B-1EED-4F15-874C-34CFD9F13341}"
EndProject
Project("{2150E333-8FDC-42A3-9474-1A3956D46DE8}") = "Kerr.Credetials", "Kerr.Credetials", "{F65A9A28-FCAC-4A4C-BA84-460DE14A2268}"
	ProjectSection(SolutionItems) = preProject
		Shared Libraries\Kerr.Credentials\Kerr.Credentials.dll = Shared Libraries\Kerr.Credentials\Kerr.Credentials.dll
	EndProjectSection
EndProject
Project("{E24C65DC-7377-472B-9ABA-BC803B73C61A}") = "AuthenticationWeb", "Samples\AuthenticationWeb", "{D0D30137-D1F4-4E57-82AD-27B929D9F368}"
	ProjectSection(WebsiteProperties) = preProject
		SccProjectName = "SAK"
		SccAuxPath = "SAK"
		SccLocalPath = "SAK"
		SccProvider = "SAK"
		TargetFrameworkMoniker = ".NETFramework,Version%3Dv4.0"
		ProjectReferences = "{4E4C3E30-A7B4-4E85-9298-48111DF255E7}|LinkedIn.dll;"
		Debug.AspNetCompiler.VirtualPath = "/AuthenticationWeb"
		Debug.AspNetCompiler.PhysicalPath = "Samples\AuthenticationWeb\"
		Debug.AspNetCompiler.TargetPath = "PrecompiledWeb\AuthenticationWeb\"
		Debug.AspNetCompiler.Updateable = "true"
		Debug.AspNetCompiler.ForceOverwrite = "true"
		Debug.AspNetCompiler.FixedNames = "false"
		Debug.AspNetCompiler.Debug = "True"
		Release.AspNetCompiler.VirtualPath = "/AuthenticationWeb"
		Release.AspNetCompiler.PhysicalPath = "Samples\AuthenticationWeb\"
		Release.AspNetCompiler.TargetPath = "PrecompiledWeb\AuthenticationWeb\"
		Release.AspNetCompiler.Updateable = "true"
		Release.AspNetCompiler.ForceOverwrite = "true"
		Release.AspNetCompiler.FixedNames = "false"
		Release.AspNetCompiler.Debug = "False"
		VWDPort = "7624"
		DefaultWebSiteLanguage = "Visual C#"
	EndProjectSection
EndProject
Global
	GlobalSection(TeamFoundationVersionControl) = preSolution
		SccNumberOfProjects = 8
		SccEnterpriseProvider = {4CA58AB2-18FA-4F8D-95D4-32DDF27D184C}
		SccTeamFoundationServer = https://tfs.codeplex.com/tfs/tfs02
		SccLocalPath0 = .
		SccWebProject1 = true
		SccProjectUniqueName1 = Functional\u0020Tests\\TestWeb
		SccProjectTopLevelParentUniqueName1 = LinkedIn\u0020Developer\u0020Toolkit.sln
		SccLocalPath1 = .
		SccProjectFilePathRelativizedFromConnection1 = Functional\u0020Tests\\TestWeb\\
		SccProjectEnlistmentChoice1 = 2
		SccWebProject2 = true
		SccProjectUniqueName2 = Samples\\LoginWeb
		SccProjectTopLevelParentUniqueName2 = LinkedIn\u0020Developer\u0020Toolkit.sln
		SccLocalPath2 = .
		SccProjectFilePathRelativizedFromConnection2 = Samples\\LoginWeb\\
		SccProjectEnlistmentChoice2 = 2
		SccWebProject3 = true
		SccProjectUniqueName3 = Samples\\Web
		SccProjectTopLevelParentUniqueName3 = LinkedIn\u0020Developer\u0020Toolkit.sln
		SccLocalPath3 = .
		SccProjectFilePathRelativizedFromConnection3 = Samples\\Web\\
		SccProjectEnlistmentChoice3 = 2
		SccProjectUniqueName4 = Source\\LinkedIn\\LinkedIn.csproj
		SccProjectTopLevelParentUniqueName4 = LinkedIn\u0020Developer\u0020Toolkit.sln
		SccProjectName4 = Source/LinkedIn
		SccLocalPath4 = Source\\LinkedIn
		SccProjectUniqueName5 = Tests\\Unit\u0020Tests\\LinkedIn.Tests\\LinkedIn.Tests.csproj
		SccProjectTopLevelParentUniqueName5 = LinkedIn\u0020Developer\u0020Toolkit.sln
		SccProjectName5 = Tests/Unit\u0020Tests/LinkedIn.Tests
		SccLocalPath5 = Tests\\Unit\u0020Tests\\LinkedIn.Tests
		SccProjectUniqueName6 = Samples\\WindowsForms\\WindowsForms.csproj
		SccProjectTopLevelParentUniqueName6 = LinkedIn\u0020Developer\u0020Toolkit.sln
		SccProjectName6 = Samples/WindowsForms
		SccLocalPath6 = Samples\\WindowsForms
		SccWebProject7 = true
		SccProjectUniqueName7 = Samples\\AuthenticationWeb
		SccProjectTopLevelParentUniqueName7 = LinkedIn\u0020Developer\u0020Toolkit.sln
		SccProjectName7 = Samples/AuthenticationWeb
		SccLocalPath7 = Samples\\AuthenticationWeb
		SccProjectEnlistmentChoice7 = 2
	EndGlobalSection
	GlobalSection(TestCaseManagementSettings) = postSolution
		CategoryFile = LinkedIn Developer Toolkit.vsmdi
	EndGlobalSection
	GlobalSection(SolutionConfigurationPlatforms) = preSolution
		CodeAnalysis|.NET = CodeAnalysis|.NET
		CodeAnalysis|Any CPU = CodeAnalysis|Any CPU
		CodeAnalysis|Mixed Platforms = CodeAnalysis|Mixed Platforms
		CodeAnalysis|x86 = CodeAnalysis|x86
		Debug|.NET = Debug|.NET
		Debug|Any CPU = Debug|Any CPU
		Debug|Mixed Platforms = Debug|Mixed Platforms
		Debug|x86 = Debug|x86
		Release|.NET = Release|.NET
		Release|Any CPU = Release|Any CPU
		Release|Mixed Platforms = Release|Mixed Platforms
		Release|x86 = Release|x86
	EndGlobalSection
	GlobalSection(ProjectConfigurationPlatforms) = postSolution
		{6D1E5EB9-6C8E-4E5B-959B-EB7B92744E30}.CodeAnalysis|.NET.ActiveCfg = Debug|.NET
		{6D1E5EB9-6C8E-4E5B-959B-EB7B92744E30}.CodeAnalysis|.NET.Build.0 = Debug|.NET
		{6D1E5EB9-6C8E-4E5B-959B-EB7B92744E30}.CodeAnalysis|Any CPU.ActiveCfg = Debug|.NET
		{6D1E5EB9-6C8E-4E5B-959B-EB7B92744E30}.CodeAnalysis|Mixed Platforms.ActiveCfg = Debug|.NET
		{6D1E5EB9-6C8E-4E5B-959B-EB7B92744E30}.CodeAnalysis|Mixed Platforms.Build.0 = Debug|.NET
		{6D1E5EB9-6C8E-4E5B-959B-EB7B92744E30}.CodeAnalysis|x86.ActiveCfg = Debug|.NET
		{6D1E5EB9-6C8E-4E5B-959B-EB7B92744E30}.Debug|.NET.ActiveCfg = Debug|.NET
		{6D1E5EB9-6C8E-4E5B-959B-EB7B92744E30}.Debug|.NET.Build.0 = Debug|.NET
		{6D1E5EB9-6C8E-4E5B-959B-EB7B92744E30}.Debug|Any CPU.ActiveCfg = Debug|.NET
		{6D1E5EB9-6C8E-4E5B-959B-EB7B92744E30}.Debug|Mixed Platforms.ActiveCfg = Debug|.NET
		{6D1E5EB9-6C8E-4E5B-959B-EB7B92744E30}.Debug|Mixed Platforms.Build.0 = Debug|.NET
		{6D1E5EB9-6C8E-4E5B-959B-EB7B92744E30}.Debug|x86.ActiveCfg = Debug|.NET
		{6D1E5EB9-6C8E-4E5B-959B-EB7B92744E30}.Release|.NET.ActiveCfg = Debug|.NET
		{6D1E5EB9-6C8E-4E5B-959B-EB7B92744E30}.Release|.NET.Build.0 = Debug|.NET
		{6D1E5EB9-6C8E-4E5B-959B-EB7B92744E30}.Release|Any CPU.ActiveCfg = Debug|.NET
		{6D1E5EB9-6C8E-4E5B-959B-EB7B92744E30}.Release|Mixed Platforms.ActiveCfg = Debug|.NET
		{6D1E5EB9-6C8E-4E5B-959B-EB7B92744E30}.Release|Mixed Platforms.Build.0 = Debug|.NET
		{6D1E5EB9-6C8E-4E5B-959B-EB7B92744E30}.Release|x86.ActiveCfg = Debug|.NET
		{4E4C3E30-A7B4-4E85-9298-48111DF255E7}.CodeAnalysis|.NET.ActiveCfg = Release|Any CPU
		{4E4C3E30-A7B4-4E85-9298-48111DF255E7}.CodeAnalysis|Any CPU.ActiveCfg = Release|Any CPU
		{4E4C3E30-A7B4-4E85-9298-48111DF255E7}.CodeAnalysis|Any CPU.Build.0 = Release|Any CPU
		{4E4C3E30-A7B4-4E85-9298-48111DF255E7}.CodeAnalysis|Mixed Platforms.ActiveCfg = Release|Any CPU
		{4E4C3E30-A7B4-4E85-9298-48111DF255E7}.CodeAnalysis|Mixed Platforms.Build.0 = Release|Any CPU
		{4E4C3E30-A7B4-4E85-9298-48111DF255E7}.CodeAnalysis|x86.ActiveCfg = Release|Any CPU
		{4E4C3E30-A7B4-4E85-9298-48111DF255E7}.Debug|.NET.ActiveCfg = Debug|Any CPU
		{4E4C3E30-A7B4-4E85-9298-48111DF255E7}.Debug|Any CPU.ActiveCfg = Debug|Any CPU
		{4E4C3E30-A7B4-4E85-9298-48111DF255E7}.Debug|Any CPU.Build.0 = Debug|Any CPU
		{4E4C3E30-A7B4-4E85-9298-48111DF255E7}.Debug|Mixed Platforms.ActiveCfg = Debug|Any CPU
		{4E4C3E30-A7B4-4E85-9298-48111DF255E7}.Debug|Mixed Platforms.Build.0 = Debug|Any CPU
		{4E4C3E30-A7B4-4E85-9298-48111DF255E7}.Debug|x86.ActiveCfg = Debug|Any CPU
		{4E4C3E30-A7B4-4E85-9298-48111DF255E7}.Release|.NET.ActiveCfg = Release|Any CPU
		{4E4C3E30-A7B4-4E85-9298-48111DF255E7}.Release|Any CPU.ActiveCfg = Release|Any CPU
		{4E4C3E30-A7B4-4E85-9298-48111DF255E7}.Release|Any CPU.Build.0 = Release|Any CPU
		{4E4C3E30-A7B4-4E85-9298-48111DF255E7}.Release|Mixed Platforms.ActiveCfg = Release|Any CPU
		{4E4C3E30-A7B4-4E85-9298-48111DF255E7}.Release|Mixed Platforms.Build.0 = Release|Any CPU
		{4E4C3E30-A7B4-4E85-9298-48111DF255E7}.Release|x86.ActiveCfg = Release|Any CPU
		{0ABB745A-068A-4468-BFE8-6119AB15BF8C}.CodeAnalysis|.NET.ActiveCfg = Debug|.NET
		{0ABB745A-068A-4468-BFE8-6119AB15BF8C}.CodeAnalysis|.NET.Build.0 = Debug|.NET
		{0ABB745A-068A-4468-BFE8-6119AB15BF8C}.CodeAnalysis|Any CPU.ActiveCfg = Debug|.NET
		{0ABB745A-068A-4468-BFE8-6119AB15BF8C}.CodeAnalysis|Mixed Platforms.ActiveCfg = Debug|.NET
		{0ABB745A-068A-4468-BFE8-6119AB15BF8C}.CodeAnalysis|Mixed Platforms.Build.0 = Debug|.NET
		{0ABB745A-068A-4468-BFE8-6119AB15BF8C}.CodeAnalysis|x86.ActiveCfg = Debug|.NET
		{0ABB745A-068A-4468-BFE8-6119AB15BF8C}.Debug|.NET.ActiveCfg = Debug|.NET
		{0ABB745A-068A-4468-BFE8-6119AB15BF8C}.Debug|.NET.Build.0 = Debug|.NET
		{0ABB745A-068A-4468-BFE8-6119AB15BF8C}.Debug|Any CPU.ActiveCfg = Debug|.NET
		{0ABB745A-068A-4468-BFE8-6119AB15BF8C}.Debug|Mixed Platforms.ActiveCfg = Debug|.NET
		{0ABB745A-068A-4468-BFE8-6119AB15BF8C}.Debug|Mixed Platforms.Build.0 = Debug|.NET
		{0ABB745A-068A-4468-BFE8-6119AB15BF8C}.Debug|x86.ActiveCfg = Debug|.NET
		{0ABB745A-068A-4468-BFE8-6119AB15BF8C}.Release|.NET.ActiveCfg = Debug|.NET
		{0ABB745A-068A-4468-BFE8-6119AB15BF8C}.Release|.NET.Build.0 = Debug|.NET
		{0ABB745A-068A-4468-BFE8-6119AB15BF8C}.Release|Any CPU.ActiveCfg = Debug|.NET
		{0ABB745A-068A-4468-BFE8-6119AB15BF8C}.Release|Mixed Platforms.ActiveCfg = Debug|.NET
		{0ABB745A-068A-4468-BFE8-6119AB15BF8C}.Release|Mixed Platforms.Build.0 = Debug|.NET
		{0ABB745A-068A-4468-BFE8-6119AB15BF8C}.Release|x86.ActiveCfg = Debug|.NET
		{89C6D66F-0859-4DB2-9784-5C78A97F5D82}.CodeAnalysis|.NET.ActiveCfg = Release|Any CPU
		{89C6D66F-0859-4DB2-9784-5C78A97F5D82}.CodeAnalysis|Any CPU.ActiveCfg = Release|Any CPU
		{89C6D66F-0859-4DB2-9784-5C78A97F5D82}.CodeAnalysis|Any CPU.Build.0 = Release|Any CPU
		{89C6D66F-0859-4DB2-9784-5C78A97F5D82}.CodeAnalysis|Mixed Platforms.ActiveCfg = Release|Any CPU
		{89C6D66F-0859-4DB2-9784-5C78A97F5D82}.CodeAnalysis|Mixed Platforms.Build.0 = Release|Any CPU
		{89C6D66F-0859-4DB2-9784-5C78A97F5D82}.CodeAnalysis|x86.ActiveCfg = Release|Any CPU
		{89C6D66F-0859-4DB2-9784-5C78A97F5D82}.Debug|.NET.ActiveCfg = Debug|Any CPU
		{89C6D66F-0859-4DB2-9784-5C78A97F5D82}.Debug|Any CPU.ActiveCfg = Debug|Any CPU
		{89C6D66F-0859-4DB2-9784-5C78A97F5D82}.Debug|Any CPU.Build.0 = Debug|Any CPU
		{89C6D66F-0859-4DB2-9784-5C78A97F5D82}.Debug|Mixed Platforms.ActiveCfg = Debug|Any CPU
		{89C6D66F-0859-4DB2-9784-5C78A97F5D82}.Debug|Mixed Platforms.Build.0 = Debug|Any CPU
		{89C6D66F-0859-4DB2-9784-5C78A97F5D82}.Debug|x86.ActiveCfg = Debug|Any CPU
		{89C6D66F-0859-4DB2-9784-5C78A97F5D82}.Release|.NET.ActiveCfg = Release|Any CPU
		{89C6D66F-0859-4DB2-9784-5C78A97F5D82}.Release|Any CPU.ActiveCfg = Release|Any CPU
		{89C6D66F-0859-4DB2-9784-5C78A97F5D82}.Release|Any CPU.Build.0 = Release|Any CPU
		{89C6D66F-0859-4DB2-9784-5C78A97F5D82}.Release|Mixed Platforms.ActiveCfg = Release|Any CPU
		{89C6D66F-0859-4DB2-9784-5C78A97F5D82}.Release|Mixed Platforms.Build.0 = Release|Any CPU
		{89C6D66F-0859-4DB2-9784-5C78A97F5D82}.Release|x86.ActiveCfg = Release|Any CPU
		{DAAF135B-BB56-4C3C-801D-C5146E9198ED}.CodeAnalysis|.NET.ActiveCfg = Debug|.NET
		{DAAF135B-BB56-4C3C-801D-C5146E9198ED}.CodeAnalysis|.NET.Build.0 = Debug|.NET
		{DAAF135B-BB56-4C3C-801D-C5146E9198ED}.CodeAnalysis|Any CPU.ActiveCfg = Debug|.NET
		{DAAF135B-BB56-4C3C-801D-C5146E9198ED}.CodeAnalysis|Mixed Platforms.ActiveCfg = Debug|.NET
		{DAAF135B-BB56-4C3C-801D-C5146E9198ED}.CodeAnalysis|Mixed Platforms.Build.0 = Debug|.NET
		{DAAF135B-BB56-4C3C-801D-C5146E9198ED}.CodeAnalysis|x86.ActiveCfg = Debug|.NET
		{DAAF135B-BB56-4C3C-801D-C5146E9198ED}.Debug|.NET.ActiveCfg = Debug|.NET
		{DAAF135B-BB56-4C3C-801D-C5146E9198ED}.Debug|.NET.Build.0 = Debug|.NET
		{DAAF135B-BB56-4C3C-801D-C5146E9198ED}.Debug|Any CPU.ActiveCfg = Debug|.NET
		{DAAF135B-BB56-4C3C-801D-C5146E9198ED}.Debug|Mixed Platforms.ActiveCfg = Debug|.NET
		{DAAF135B-BB56-4C3C-801D-C5146E9198ED}.Debug|Mixed Platforms.Build.0 = Debug|.NET
		{DAAF135B-BB56-4C3C-801D-C5146E9198ED}.Debug|x86.ActiveCfg = Debug|.NET
		{DAAF135B-BB56-4C3C-801D-C5146E9198ED}.Release|.NET.ActiveCfg = Debug|.NET
		{DAAF135B-BB56-4C3C-801D-C5146E9198ED}.Release|.NET.Build.0 = Debug|.NET
		{DAAF135B-BB56-4C3C-801D-C5146E9198ED}.Release|Any CPU.ActiveCfg = Debug|.NET
		{DAAF135B-BB56-4C3C-801D-C5146E9198ED}.Release|Mixed Platforms.ActiveCfg = Debug|.NET
		{DAAF135B-BB56-4C3C-801D-C5146E9198ED}.Release|Mixed Platforms.Build.0 = Debug|.NET
		{DAAF135B-BB56-4C3C-801D-C5146E9198ED}.Release|x86.ActiveCfg = Debug|.NET
		{55BFEB2B-1EED-4F15-874C-34CFD9F13341}.CodeAnalysis|.NET.ActiveCfg = Release|x86
		{55BFEB2B-1EED-4F15-874C-34CFD9F13341}.CodeAnalysis|Any CPU.ActiveCfg = Release|x86
		{55BFEB2B-1EED-4F15-874C-34CFD9F13341}.CodeAnalysis|Mixed Platforms.ActiveCfg = Release|x86
		{55BFEB2B-1EED-4F15-874C-34CFD9F13341}.CodeAnalysis|Mixed Platforms.Build.0 = Release|x86
		{55BFEB2B-1EED-4F15-874C-34CFD9F13341}.CodeAnalysis|x86.ActiveCfg = Release|x86
		{55BFEB2B-1EED-4F15-874C-34CFD9F13341}.CodeAnalysis|x86.Build.0 = Release|x86
		{55BFEB2B-1EED-4F15-874C-34CFD9F13341}.Debug|.NET.ActiveCfg = Debug|x86
		{55BFEB2B-1EED-4F15-874C-34CFD9F13341}.Debug|Any CPU.ActiveCfg = Debug|x86
		{55BFEB2B-1EED-4F15-874C-34CFD9F13341}.Debug|Mixed Platforms.ActiveCfg = Debug|x86
		{55BFEB2B-1EED-4F15-874C-34CFD9F13341}.Debug|Mixed Platforms.Build.0 = Debug|x86
		{55BFEB2B-1EED-4F15-874C-34CFD9F13341}.Debug|x86.ActiveCfg = Debug|x86
		{55BFEB2B-1EED-4F15-874C-34CFD9F13341}.Debug|x86.Build.0 = Debug|x86
		{55BFEB2B-1EED-4F15-874C-34CFD9F13341}.Release|.NET.ActiveCfg = Release|x86
		{55BFEB2B-1EED-4F15-874C-34CFD9F13341}.Release|Any CPU.ActiveCfg = Release|x86
		{55BFEB2B-1EED-4F15-874C-34CFD9F13341}.Release|Mixed Platforms.ActiveCfg = Release|x86
		{55BFEB2B-1EED-4F15-874C-34CFD9F13341}.Release|Mixed Platforms.Build.0 = Release|x86
		{55BFEB2B-1EED-4F15-874C-34CFD9F13341}.Release|x86.ActiveCfg = Release|x86
		{55BFEB2B-1EED-4F15-874C-34CFD9F13341}.Release|x86.Build.0 = Release|x86
		{D0D30137-D1F4-4E57-82AD-27B929D9F368}.CodeAnalysis|.NET.ActiveCfg = Debug|Any CPU
		{D0D30137-D1F4-4E57-82AD-27B929D9F368}.CodeAnalysis|Any CPU.ActiveCfg = Debug|Any CPU
		{D0D30137-D1F4-4E57-82AD-27B929D9F368}.CodeAnalysis|Any CPU.Build.0 = Debug|Any CPU
		{D0D30137-D1F4-4E57-82AD-27B929D9F368}.CodeAnalysis|Mixed Platforms.ActiveCfg = Debug|Any CPU
		{D0D30137-D1F4-4E57-82AD-27B929D9F368}.CodeAnalysis|Mixed Platforms.Build.0 = Debug|Any CPU
		{D0D30137-D1F4-4E57-82AD-27B929D9F368}.CodeAnalysis|x86.ActiveCfg = Debug|Any CPU
		{D0D30137-D1F4-4E57-82AD-27B929D9F368}.Debug|.NET.ActiveCfg = Debug|Any CPU
		{D0D30137-D1F4-4E57-82AD-27B929D9F368}.Debug|Any CPU.ActiveCfg = Debug|Any CPU
		{D0D30137-D1F4-4E57-82AD-27B929D9F368}.Debug|Any CPU.Build.0 = Debug|Any CPU
		{D0D30137-D1F4-4E57-82AD-27B929D9F368}.Debug|Mixed Platforms.ActiveCfg = Debug|Any CPU
		{D0D30137-D1F4-4E57-82AD-27B929D9F368}.Debug|Mixed Platforms.Build.0 = Debug|Any CPU
		{D0D30137-D1F4-4E57-82AD-27B929D9F368}.Debug|x86.ActiveCfg = Debug|Any CPU
		{D0D30137-D1F4-4E57-82AD-27B929D9F368}.Release|.NET.ActiveCfg = Debug|Any CPU
		{D0D30137-D1F4-4E57-82AD-27B929D9F368}.Release|Any CPU.ActiveCfg = Debug|Any CPU
		{D0D30137-D1F4-4E57-82AD-27B929D9F368}.Release|Any CPU.Build.0 = Debug|Any CPU
		{D0D30137-D1F4-4E57-82AD-27B929D9F368}.Release|Mixed Platforms.ActiveCfg = Debug|Any CPU
		{D0D30137-D1F4-4E57-82AD-27B929D9F368}.Release|Mixed Platforms.Build.0 = Debug|Any CPU
		{D0D30137-D1F4-4E57-82AD-27B929D9F368}.Release|x86.ActiveCfg = Debug|Any CPU
	EndGlobalSection
	GlobalSection(SolutionProperties) = preSolution
		HideSolutionNode = FALSE
	EndGlobalSection
	GlobalSection(NestedProjects) = preSolution
		{3255FDD1-0449-4D43-B265-E7D133542C76} = {DF923F5F-55C9-4EC5-845E-205E6CD6D0CB}
		{D1085273-8228-42CC-87F3-B22819893F57} = {DF923F5F-55C9-4EC5-845E-205E6CD6D0CB}
		{6D1E5EB9-6C8E-4E5B-959B-EB7B92744E30} = {3255FDD1-0449-4D43-B265-E7D133542C76}
		{4E4C3E30-A7B4-4E85-9298-48111DF255E7} = {4B9083D4-E8A3-4E6B-BDC6-C2FA006123F4}
		{0ABB745A-068A-4468-BFE8-6119AB15BF8C} = {FCF33ED2-0B1C-46A2-9070-A6C4EEC89E97}
		{DAAF135B-BB56-4C3C-801D-C5146E9198ED} = {FCF33ED2-0B1C-46A2-9070-A6C4EEC89E97}
		{55BFEB2B-1EED-4F15-874C-34CFD9F13341} = {FCF33ED2-0B1C-46A2-9070-A6C4EEC89E97}
		{D0D30137-D1F4-4E57-82AD-27B929D9F368} = {FCF33ED2-0B1C-46A2-9070-A6C4EEC89E97}
		{89C6D66F-0859-4DB2-9784-5C78A97F5D82} = {D1085273-8228-42CC-87F3-B22819893F57}
		{7A36030F-DB06-4289-B9CA-D428478F1E24} = {F264EBAE-E574-422D-921A-5283F2856263}
		{F65A9A28-FCAC-4A4C-BA84-460DE14A2268} = {F264EBAE-E574-422D-921A-5283F2856263}
	EndGlobalSection
EndGlobal
